// !$*UTF8*$!
{
	archiveVersion = 1;
	classes = {
	};
	objectVersion = 46;
	objects = {

/* Begin PBXBuildFile section */
		798A12281959042C00BB29A0 /* Main.storyboard in Resources */ = {isa = PBXBuildFile; fileRef = 798A12271959042C00BB29A0 /* Main.storyboard */; };
		79ECBD121957BC9900BF6C8A /* CoreLocation.framework in Frameworks */ = {isa = PBXBuildFile; fileRef = 79ECBD111957BC9900BF6C8A /* CoreLocation.framework */; };
		79ECBD551957D53E00BF6C8A /* china.plist in Resources */ = {isa = PBXBuildFile; fileRef = 79ECBD541957D53E00BF6C8A /* china.plist */; };
		79ECBD5F1957FE8100BF6C8A /* 04.jpg in Resources */ = {isa = PBXBuildFile; fileRef = 79ECBD5B1957FE8100BF6C8A /* 04.jpg */; };
		79F716321955142800361628 /* Foundation.framework in Frameworks */ = {isa = PBXBuildFile; fileRef = 79F716311955142800361628 /* Foundation.framework */; };
		79F716341955142800361628 /* CoreGraphics.framework in Frameworks */ = {isa = PBXBuildFile; fileRef = 79F716331955142800361628 /* CoreGraphics.framework */; };
		79F716361955142800361628 /* UIKit.framework in Frameworks */ = {isa = PBXBuildFile; fileRef = 79F716351955142800361628 /* UIKit.framework */; };
		79F7163C1955142800361628 /* InfoPlist.strings in Resources */ = {isa = PBXBuildFile; fileRef = 79F7163A1955142800361628 /* InfoPlist.strings */; };
		79F7163E1955142800361628 /* main.m in Sources */ = {isa = PBXBuildFile; fileRef = 79F7163D1955142800361628 /* main.m */; };
		79F716421955142800361628 /* AppDelegate.m in Sources */ = {isa = PBXBuildFile; fileRef = 79F716411955142800361628 /* AppDelegate.m */; };
		79F716481955142800361628 /* ViewController.m in Sources */ = {isa = PBXBuildFile; fileRef = 79F716471955142800361628 /* ViewController.m */; };
		79F7164A1955142800361628 /* Images.xcassets in Resources */ = {isa = PBXBuildFile; fileRef = 79F716491955142800361628 /* Images.xcassets */; };
		79F716511955142800361628 /* XCTest.framework in Frameworks */ = {isa = PBXBuildFile; fileRef = 79F716501955142800361628 /* XCTest.framework */; };
		79F716521955142800361628 /* Foundation.framework in Frameworks */ = {isa = PBXBuildFile; fileRef = 79F716311955142800361628 /* Foundation.framework */; };
		79F716531955142800361628 /* UIKit.framework in Frameworks */ = {isa = PBXBuildFile; fileRef = 79F716351955142800361628 /* UIKit.framework */; };
		79F7165B1955142800361628 /* InfoPlist.strings in Resources */ = {isa = PBXBuildFile; fileRef = 79F716591955142800361628 /* InfoPlist.strings */; };
		79F7165D1955142800361628 /* WeatherTests.m in Sources */ = {isa = PBXBuildFile; fileRef = 79F7165C1955142800361628 /* WeatherTests.m */; };
		79F716671955282400361628 /* 各城市与城市代码号.xml in Resources */ = {isa = PBXBuildFile; fileRef = 79F716661955282400361628 /* 各城市与城市代码号.xml */; };
/* End PBXBuildFile section */

/* Begin PBXContainerItemProxy section */
		79F716541955142800361628 /* PBXContainerItemProxy */ = {
			isa = PBXContainerItemProxy;
			containerPortal = 79F716261955142800361628 /* Project object */;
			proxyType = 1;
			remoteGlobalIDString = 79F7162D1955142800361628;
			remoteInfo = Weather;
		};
/* End PBXContainerItemProxy section */

/* Begin PBXFileReference section */
		798A12271959042C00BB29A0 /* Main.storyboard */ = {isa = PBXFileReference; fileEncoding = 4; lastKnownFileType = file.storyboard; path = Main.storyboard; sourceTree = "<group>"; };
		79ECBD111957BC9900BF6C8A /* CoreLocation.framework */ = {isa = PBXFileReference; lastKnownFileType = wrapper.framework; name = CoreLocation.framework; path = System/Library/Frameworks/CoreLocation.framework; sourceTree = SDKROOT; };
		79ECBD541957D53E00BF6C8A /* china.plist */ = {isa = PBXFileReference; fileEncoding = 4; lastKnownFileType = text.plist.xml; name = china.plist; path = ../../../../../china.plist; sourceTree = "<group>"; };
		79ECBD5B1957FE8100BF6C8A /* 04.jpg */ = {isa = PBXFileReference; lastKnownFileType = image.jpeg; name = 04.jpg; path = "../../../../../OC课程/My－OC－第二十八次课－代码控件/2014-5-9oc第28次课/QQ头像/04.jpg"; sourceTree = "<group>"; };
		79F7162E1955142800361628 /* Weather.app */ = {isa = PBXFileReference; explicitFileType = wrapper.application; includeInIndex = 0; path = Weather.app; sourceTree = BUILT_PRODUCTS_DIR; };
		79F716311955142800361628 /* Foundation.framework */ = {isa = PBXFileReference; lastKnownFileType = wrapper.framework; name = Foundation.framework; path = System/Library/Frameworks/Foundation.framework; sourceTree = SDKROOT; };
		79F716331955142800361628 /* CoreGraphics.framework */ = {isa = PBXFileReference; lastKnownFileType = wrapper.framework; name = CoreGraphics.framework; path = System/Library/Frameworks/CoreGraphics.framework; sourceTree = SDKROOT; };
		79F716351955142800361628 /* UIKit.framework */ = {isa = PBXFileReference; lastKnownFileType = wrapper.framework; name = UIKit.framework; path = System/Library/Frameworks/UIKit.framework; sourceTree = SDKROOT; };
		79F716391955142800361628 /* Weather-Info.plist */ = {isa = PBXFileReference; lastKnownFileType = text.plist.xml; path = "Weather-Info.plist"; sourceTree = "<group>"; };
		79F7163B1955142800361628 /* en */ = {isa = PBXFileReference; lastKnownFileType = text.plist.strings; name = en; path = en.lproj/InfoPlist.strings; sourceTree = "<group>"; };
		79F7163D1955142800361628 /* main.m */ = {isa = PBXFileReference; lastKnownFileType = sourcecode.c.objc; path = main.m; sourceTree = "<group>"; };
		79F7163F1955142800361628 /* Weather-Prefix.pch */ = {isa = PBXFileReference; lastKnownFileType = sourcecode.c.h; path = "Weather-Prefix.pch"; sourceTree = "<group>"; };
		79F716401955142800361628 /* AppDelegate.h */ = {isa = PBXFileReference; lastKnownFileType = sourcecode.c.h; path = AppDelegate.h; sourceTree = "<group>"; };
		79F716411955142800361628 /* AppDelegate.m */ = {isa = PBXFileReference; lastKnownFileType = sourcecode.c.objc; path = AppDelegate.m; sourceTree = "<group>"; };
		79F716461955142800361628 /* ViewController.h */ = {isa = PBXFileReference; lastKnownFileType = sourcecode.c.h; path = ViewController.h; sourceTree = "<group>"; };
		79F716471955142800361628 /* ViewController.m */ = {isa = PBXFileReference; lastKnownFileType = sourcecode.c.objc; path = ViewController.m; sourceTree = "<group>"; };
		79F716491955142800361628 /* Images.xcassets */ = {isa = PBXFileReference; lastKnownFileType = folder.assetcatalog; path = Images.xcassets; sourceTree = "<group>"; };
		79F7164F1955142800361628 /* WeatherTests.xctest */ = {isa = PBXFileReference; explicitFileType = wrapper.cfbundle; includeInIndex = 0; path = WeatherTests.xctest; sourceTree = BUILT_PRODUCTS_DIR; };
		79F716501955142800361628 /* XCTest.framework */ = {isa = PBXFileReference; lastKnownFileType = wrapper.framework; name = XCTest.framework; path = Library/Frameworks/XCTest.framework; sourceTree = DEVELOPER_DIR; };
		79F716581955142800361628 /* WeatherTests-Info.plist */ = {isa = PBXFileReference; lastKnownFileType = text.plist.xml; path = "WeatherTests-Info.plist"; sourceTree = "<group>"; };
		79F7165A1955142800361628 /* en */ = {isa = PBXFileReference; lastKnownFileType = text.plist.strings; name = en; path = en.lproj/InfoPlist.strings; sourceTree = "<group>"; };
		79F7165C1955142800361628 /* WeatherTests.m */ = {isa = PBXFileReference; lastKnownFileType = sourcecode.c.objc; path = WeatherTests.m; sourceTree = "<group>"; };
		79F716661955282400361628 /* 各城市与城市代码号.xml */ = {isa = PBXFileReference; fileEncoding = 4; lastKnownFileType = text.xml; path = "各城市与城市代码号.xml"; sourceTree = "<group>"; };
/* End PBXFileReference section */

/* Begin PBXFrameworksBuildPhase section */
		79F7162B1955142800361628 /* Frameworks */ = {
			isa = PBXFrameworksBuildPhase;
			buildActionMask = 2147483647;
			files = (
				79ECBD121957BC9900BF6C8A /* CoreLocation.framework in Frameworks */,
				79F716341955142800361628 /* CoreGraphics.framework in Frameworks */,
				79F716361955142800361628 /* UIKit.framework in Frameworks */,
				79F716321955142800361628 /* Foundation.framework in Frameworks */,
			);
			runOnlyForDeploymentPostprocessing = 0;
		};
		79F7164C1955142800361628 /* Frameworks */ = {
			isa = PBXFrameworksBuildPhase;
			buildActionMask = 2147483647;
			files = (
				79F716511955142800361628 /* XCTest.framework in Frameworks */,
				79F716531955142800361628 /* UIKit.framework in Frameworks */,
				79F716521955142800361628 /* Foundation.framework in Frameworks */,
			);
			runOnlyForDeploymentPostprocessing = 0;
		};
/* End PBXFrameworksBuildPhase section */

/* Begin PBXGroup section */
		79F716251955142800361628 = {
			isa = PBXGroup;
			children = (
				79F716371955142800361628 /* Weather */,
				79F716561955142800361628 /* WeatherTests */,
				79F716301955142800361628 /* Frameworks */,
				79F7162F1955142800361628 /* Products */,
			);
			sourceTree = "<group>";
		};
		79F7162F1955142800361628 /* Products */ = {
			isa = PBXGroup;
			children = (
				79F7162E1955142800361628 /* Weather.app */,
				79F7164F1955142800361628 /* WeatherTests.xctest */,
			);
			name = Products;
			sourceTree = "<group>";
		};
		79F716301955142800361628 /* Frameworks */ = {
			isa = PBXGroup;
			children = (
				79ECBD111957BC9900BF6C8A /* CoreLocation.framework */,
				79F716311955142800361628 /* Foundation.framework */,
				79F716331955142800361628 /* CoreGraphics.framework */,
				79F716351955142800361628 /* UIKit.framework */,
				79F716501955142800361628 /* XCTest.framework */,
			);
			name = Frameworks;
			sourceTree = "<group>";
		};
		79F716371955142800361628 /* Weather */ = {
			isa = PBXGroup;
			children = (
				79F716401955142800361628 /* AppDelegate.h */,
				79F716411955142800361628 /* AppDelegate.m */,
				798A12271959042C00BB29A0 /* Main.storyboard */,
				79F716461955142800361628 /* ViewController.h */,
				79F716471955142800361628 /* ViewController.m */,
				79F716491955142800361628 /* Images.xcassets */,
				79F716381955142800361628 /* Supporting Files */,
			);
			path = Weather;
			sourceTree = "<group>";
		};
		79F716381955142800361628 /* Supporting Files */ = {
			isa = PBXGroup;
			children = (
				79ECBD5B1957FE8100BF6C8A /* 04.jpg */,
				79ECBD541957D53E00BF6C8A /* china.plist */,
				79F716661955282400361628 /* 各城市与城市代码号.xml */,
				79F716391955142800361628 /* Weather-Info.plist */,
				79F7163A1955142800361628 /* InfoPlist.strings */,
				79F7163D1955142800361628 /* main.m */,
				79F7163F1955142800361628 /* Weather-Prefix.pch */,
			);
			name = "Supporting Files";
			sourceTree = "<group>";
		};
		79F716561955142800361628 /* WeatherTests */ = {
			isa = PBXGroup;
			children = (
				79F7165C1955142800361628 /* WeatherTests.m */,
				79F716571955142800361628 /* Supporting Files */,
			);
			path = WeatherTests;
			sourceTree = "<group>";
		};
		79F716571955142800361628 /* Supporting Files */ = {
			isa = PBXGroup;
			children = (
				79F716581955142800361628 /* WeatherTests-Info.plist */,
				79F716591955142800361628 /* InfoPlist.strings */,
			);
			name = "Supporting Files";
			sourceTree = "<group>";
		};
/* End PBXGroup section */

/* Begin PBXNativeTarget section */
		79F7162D1955142800361628 /* Weather */ = {
			isa = PBXNativeTarget;
			buildConfigurationList = 79F716601955142800361628 /* Build configuration list for PBXNativeTarget "Weather" */;
			buildPhases = (
				79F7162A1955142800361628 /* Sources */,
				79F7162B1955142800361628 /* Frameworks */,
				79F7162C1955142800361628 /* Resources */,
			);
			buildRules = (
			);
			dependencies = (
			);
			name = Weather;
			productName = Weather;
			productReference = 79F7162E1955142800361628 /* Weather.app */;
			productType = "com.apple.product-type.application";
		};
		79F7164E1955142800361628 /* WeatherTests */ = {
			isa = PBXNativeTarget;
			buildConfigurationList = 79F716631955142800361628 /* Build configuration list for PBXNativeTarget "WeatherTests" */;
			buildPhases = (
				79F7164B1955142800361628 /* Sources */,
				79F7164C1955142800361628 /* Frameworks */,
				79F7164D1955142800361628 /* Resources */,
			);
			buildRules = (
			);
			dependencies = (
				79F716551955142800361628 /* PBXTargetDependency */,
			);
			name = WeatherTests;
			productName = WeatherTests;
			productReference = 79F7164F1955142800361628 /* WeatherTests.xctest */;
			productType = "com.apple.product-type.bundle.unit-test";
		};
/* End PBXNativeTarget section */

/* Begin PBXProject section */
		79F716261955142800361628 /* Project object */ = {
			isa = PBXProject;
			attributes = {
				LastUpgradeCheck = 0510;
				ORGANIZATIONNAME = "___FULLUSERNAME___";
				TargetAttributes = {
					79F7164E1955142800361628 = {
						TestTargetID = 79F7162D1955142800361628;
					};
				};
			};
			buildConfigurationList = 79F716291955142800361628 /* Build configuration list for PBXProject "Weather" */;
			compatibilityVersion = "Xcode 3.2";
			developmentRegion = English;
			hasScannedForEncodings = 0;
			knownRegions = (
				en,
				Base,
			);
			mainGroup = 79F716251955142800361628;
			productRefGroup = 79F7162F1955142800361628 /* Products */;
			projectDirPath = "";
			projectRoot = "";
			targets = (
				79F7162D1955142800361628 /* Weather */,
				79F7164E1955142800361628 /* WeatherTests */,
			);
		};
/* End PBXProject section */

/* Begin PBXResourcesBuildPhase section */
		79F7162C1955142800361628 /* Resources */ = {
			isa = PBXResourcesBuildPhase;
			buildActionMask = 2147483647;
			files = (
				79ECBD551957D53E00BF6C8A /* china.plist in Resources */,
				79ECBD5F1957FE8100BF6C8A /* 04.jpg in Resources */,
				79F7164A1955142800361628 /* Images.xcassets in Resources */,
				79F716671955282400361628 /* 各城市与城市代码号.xml in Resources */,
				798A12281959042C00BB29A0 /* Main.storyboard in Resources */,
				79F7163C1955142800361628 /* InfoPlist.strings in Resources */,
			);
			runOnlyForDeploymentPostprocessing = 0;
		};
		79F7164D1955142800361628 /* Resources */ = {
			isa = PBXResourcesBuildPhase;
			buildActionMask = 2147483647;
			files = (
				79F7165B1955142800361628 /* InfoPlist.strings in Resources */,
			);
			runOnlyForDeploymentPostprocessing = 0;
		};
/* End PBXResourcesBuildPhase section */

/* Begin PBXSourcesBuildPhase section */
		79F7162A1955142800361628 /* Sources */ = {
			isa = PBXSourcesBuildPhase;
			buildActionMask = 2147483647;
			files = (
				79F716481955142800361628 /* ViewController.m in Sources */,
				79F716421955142800361628 /* AppDelegate.m in Sources */,
				79F7163E1955142800361628 /* main.m in Sources */,
			);
			runOnlyForDeploymentPostprocessing = 0;
		};
		79F7164B1955142800361628 /* Sources */ = {
			isa = PBXSourcesBuildPhase;
			buildActionMask = 2147483647;
			files = (
				79F7165D1955142800361628 /* WeatherTests.m in Sources */,
			);
			runOnlyForDeploymentPostprocessing = 0;
		};
/* End PBXSourcesBuildPhase section */

/* Begin PBXTargetDependency section */
		79F716551955142800361628 /* PBXTargetDependency */ = {
			isa = PBXTargetDependency;
			target = 79F7162D1955142800361628 /* Weather */;
			targetProxy = 79F716541955142800361628 /* PBXContainerItemProxy */;
		};
/* End PBXTargetDependency section */

/* Begin PBXVariantGroup section */
		79F7163A1955142800361628 /* InfoPlist.strings */ = {
			isa = PBXVariantGroup;
			children = (
				79F7163B1955142800361628 /* en */,
			);
			name = InfoPlist.strings;
			sourceTree = "<group>";
		};
		79F716591955142800361628 /* InfoPlist.strings */ = {
			isa = PBXVariantGroup;
			children = (
				79F7165A1955142800361628 /* en */,
			);
			name = InfoPlist.strings;
			sourceTree = "<group>";
		};
/* End PBXVariantGroup section */

/* Begin XCBuildConfiguration section */
		79F7165E1955142800361628 /* Debug */ = {
			isa = XCBuildConfiguration;
			buildSettings = {
				ALWAYS_SEARCH_USER_PATHS = NO;
				CLANG_CXX_LANGUAGE_STANDARD = "gnu++0x";
				CLANG_CXX_LIBRARY = "libc++";
				CLANG_ENABLE_MODULES = YES;
				CLANG_ENABLE_OBJC_ARC = YES;
				CLANG_WARN_BOOL_CONVERSION = YES;
				CLANG_WARN_CONSTANT_CONVERSION = YES;
				CLANG_WARN_DIRECT_OBJC_ISA_USAGE = YES_ERROR;
				CLANG_WARN_EMPTY_BODY = YES;
				CLANG_WARN_ENUM_CONVERSION = YES;
				CLANG_WARN_INT_CONVERSION = YES;
				CLANG_WARN_OBJC_ROOT_CLASS = YES_ERROR;
				CLANG_WARN__DUPLICATE_METHOD_MATCH = YES;
				"CODE_SIGN_IDENTITY[sdk=iphoneos*]" = "iPhone Developer";
				COPY_PHASE_STRIP = NO;
				GCC_C_LANGUAGE_STANDARD = gnu99;
				GCC_DYNAMIC_NO_PIC = NO;
				GCC_OPTIMIZATION_LEVEL = 0;
				GCC_PREPROCESSOR_DEFINITIONS = (
					"DEBUG=1",
					"$(inherited)",
				);
				GCC_SYMBOLS_PRIVATE_EXTERN = NO;
				GCC_WARN_64_TO_32_BIT_CONVERSION = YES;
				GCC_WARN_ABOUT_RETURN_TYPE = YES_ERROR;
				GCC_WARN_UNDECLARED_SELECTOR = YES;
				GCC_WARN_UNINITIALIZED_AUTOS = YES_AGGRESSIVE;
				GCC_WARN_UNUSED_FUNCTION = YES;
				GCC_WARN_UNUSED_VARIABLE = YES;
				IPHONEOS_DEPLOYMENT_TARGET = 7.1;
				ONLY_ACTIVE_ARCH = YES;
				SDKROOT = iphoneos;
			};
			name = Debug;
		};
		79F7165F1955142800361628 /* Release */ = {
			isa = XCBuildConfiguration;
			buildSettings = {
				ALWAYS_SEARCH_USER_PATHS = NO;
				CLANG_CXX_LANGUAGE_STANDARD = "gnu++0x";
				CLANG_CXX_LIBRARY = "libc++";
				CLANG_ENABLE_MODULES = YES;
				CLANG_ENABLE_OBJC_ARC = YES;
				CLANG_WARN_BOOL_CONVERSION = YES;
				CLANG_WARN_CONSTANT_CONVERSION = YES;
				CLANG_WARN_DIRECT_OBJC_ISA_USAGE = YES_ERROR;
				CLANG_WARN_EMPTY_BODY = YES;
				CLANG_WARN_ENUM_CONVERSION = YES;
				CLANG_WARN_INT_CONVERSION = YES;
				CLANG_WARN_OBJC_ROOT_CLASS = YES_ERROR;
				CLANG_WARN__DUPLICATE_METHOD_MATCH = YES;
				"CODE_SIGN_IDENTITY[sdk=iphoneos*]" = "iPhone Developer";
				COPY_PHASE_STRIP = YES;
				ENABLE_NS_ASSERTIONS = NO;
				GCC_C_LANGUAGE_STANDARD = gnu99;
				GCC_WARN_64_TO_32_BIT_CONVERSION = YES;
				GCC_WARN_ABOUT_RETURN_TYPE = YES_ERROR;
				GCC_WARN_UNDECLARED_SELECTOR = YES;
				GCC_WARN_UNINITIALIZED_AUTOS = YES_AGGRESSIVE;
				GCC_WARN_UNUSED_FUNCTION = YES;
				GCC_WARN_UNUSED_VARIABLE = YES;
				IPHONEOS_DEPLOYMENT_TARGET = 7.1;
				SDKROOT = iphoneos;
				VALIDATE_PRODUCT = YES;
			};
			name = Release;
		};
		79F716611955142800361628 /* Debug */ = {
			isa = XCBuildConfiguration;
			buildSettings = {
				ASSETCATALOG_COMPILER_APPICON_NAME = AppIcon;
				ASSETCATALOG_COMPILER_LAUNCHIMAGE_NAME = LaunchImage;
				GCC_PRECOMPILE_PREFIX_HEADER = YES;
				GCC_PREFIX_HEADER = "Weather/Weather-Prefix.pch";
				INFOPLIST_FILE = "Weather/Weather-Info.plist";
				PRODUCT_NAME = "$(TARGET_NAME)";
				WRAPPER_EXTENSION = app;
			};
			name = Debug;
		};
		79F716621955142800361628 /* Release */ = {
			isa = XCBuildConfiguration;
			buildSettings = {
				ASSETCATALOG_COMPILER_APPICON_NAME = AppIcon;
				ASSETCATALOG_COMPILER_LAUNCHIMAGE_NAME = LaunchImage;
				GCC_PRECOMPILE_PREFIX_HEADER = YES;
				GCC_PREFIX_HEADER = "Weather/Weather-Prefix.pch";
				INFOPLIST_FILE = "Weather/Weather-Info.plist";
				PRODUCT_NAME = "$(TARGET_NAME)";
				WRAPPER_EXTENSION = app;
			};
			name = Release;
		};
		79F716641955142800361628 /* Debug */ = {
			isa = XCBuildConfiguration;
			buildSettings = {
				BUNDLE_LOADER = "$(BUILT_PRODUCTS_DIR)/Weather.app/Weather";
				FRAMEWORK_SEARCH_PATHS = (
					"$(SDKROOT)/Developer/Library/Frameworks",
					"$(inherited)",
					"$(DEVELOPER_FRAMEWORKS_DIR)",
				);
				GCC_PRECOMPILE_PREFIX_HEADER = YES;
				GCC_PREFIX_HEADER = "Weather/Weather-Prefix.pch";
				GCC_PREPROCESSOR_DEFINITIONS = (
					"DEBUG=1",
					"$(inherited)",
				);
				INFOPLIST_FILE = "WeatherTests/WeatherTests-Info.plist";
				PRODUCT_NAME = "$(TARGET_NAME)";
				TEST_HOST = "$(BUNDLE_LOADER)";
				WRAPPER_EXTENSION = xctest;
			};
			name = Debug;
		};
		79F716651955142800361628 /* Release */ = {
			isa = XCBuildConfiguration;
			buildSettings = {
				BUNDLE_LOADER = "$(BUILT_PRODUCTS_DIR)/Weather.app/Weather";
				FRAMEWORK_SEARCH_PATHS = (
					"$(SDKROOT)/Developer/Library/Frameworks",
					"$(inherited)",
					"$(DEVELOPER_FRAMEWORKS_DIR)",
				);
				GCC_PRECOMPILE_PREFIX_HEADER = YES;
				GCC_PREFIX_HEADER = "Weather/Weather-Prefix.pch";
				INFOPLIST_FILE = "WeatherTests/WeatherTests-Info.plist";
				PRODUCT_NAME = "$(TARGET_NAME)";
				TEST_HOST = "$(BUNDLE_LOADER)";
				WRAPPER_EXTENSION = xctest;
			};
			name = Release;
		};
/* End XCBuildConfiguration section */

/* Begin XCConfigurationList section */
		79F716291955142800361628 /* Build configuration list for PBXProject "Weather" */ = {
			isa = XCConfigurationList;
			buildConfigurations = (
				79F7165E1955142800361628 /* Debug */,
				79F7165F1955142800361628 /* Release */,
			);
			defaultConfigurationIsVisible = 0;
			defaultConfigurationName = Release;
		};
		79F716601955142800361628 /* Build configuration list for PBXNativeTarget "Weather" */ = {
			isa = XCConfigurationList;
			buildConfigurations = (
				79F716611955142800361628 /* Debug */,
				79F716621955142800361628 /* Release */,
			);
			defaultConfigurationIsVisible = 0;
			defaultConfigurationName = Release;
		};
		79F716631955142800361628 /* Build configuration list for PBXNativeTarget "WeatherTests" */ = {
			isa = XCConfigurationList;
			buildConfigurations = (
				79F716641955142800361628 /* Debug */,
				79F716651955142800361628 /* Release */,
			);
			defaultConfigurationIsVisible = 0;
			defaultConfigurationName = Release;
		};
/* End XCConfigurationList section */
	};
	rootObject = 79F716261955142800361628 /* Project object */;
}
